
Microsoft Visual Studio Solution File, Format Version 12.00
# Visual Studio Version 16
VisualStudioVersion = 16.0.30907.101
MinimumVisualStudioVersion = 10.0.40219.1
Project("{9A19103F-16F7-4668-BE54-9A1E7A4F7556}") = "WSUniversalLib", "WSUniversalLib\WSUniversalLib.csproj", "{CD9D3042-2767-44F3-B64E-C2A5978D0D6F}"
EndProject
Project("{9A19103F-16F7-4668-BE54-9A1E7A4F7556}") = "WSUniversalLib.UnitTests", "WSUniversalLib.UnitTests\WSUniversalLib.UnitTests.csproj", "{D701CB39-320C-4058-B4BD-730B79559AF5}"
EndProject
Project("{FAE04EC0-301F-11D3-BF4B-00C04F79EFBC}") = "ConsoleApp2", "ConsoleApp2\ConsoleApp2.csproj", "{CBA59621-318F-4308-A6F9-2B99777F4864}"
EndProject
Global
	GlobalSection(SolutionConfigurationPlatforms) = preSolution
		Debug|Any CPU = Debug|Any CPU
		Release|Any CPU = Release|Any CPU
	EndGlobalSection
	GlobalSection(ProjectConfigurationPlatforms) = postSolution
		{CD9D3042-2767-44F3-B64E-C2A5978D0D6F}.Debug|Any CPU.ActiveCfg = Debug|Any CPU
		{CD9D3042-2767-44F3-B64E-C2A5978D0D6F}.Debug|Any CPU.Build.0 = Debug|Any CPU
		{CD9D3042-2767-44F3-B64E-C2A5978D0D6F}.Release|Any CPU.ActiveCfg = Release|Any CPU
		{CD9D3042-2767-44F3-B64E-C2A5978D0D6F}.Release|Any CPU.Build.0 = Release|Any CPU
		{D701CB39-320C-4058-B4BD-730B79559AF5}.Debug|Any CPU.ActiveCfg = Debug|Any CPU
		{D701CB39-320C-4058-B4BD-730B79559AF5}.Debug|Any CPU.Build.0 = Debug|Any CPU
		{D701CB39-320C-4058-B4BD-730B79559AF5}.Release|Any CPU.ActiveCfg = Release|Any CPU
		{D701CB39-320C-4058-B4BD-730B79559AF5}.Release|Any CPU.Build.0 = Release|Any CPU
		{CBA59621-318F-4308-A6F9-2B99777F4864}.Debug|Any CPU.ActiveCfg = Debug|Any CPU
		{CBA59621-318F-4308-A6F9-2B99777F4864}.Debug|Any CPU.Build.0 = Debug|Any CPU
		{CBA59621-318F-4308-A6F9-2B99777F4864}.Release|Any CPU.ActiveCfg = Release|Any CPU
		{CBA59621-318F-4308-A6F9-2B99777F4864}.Release|Any CPU.Build.0 = Release|Any CPU
	EndGlobalSection
	GlobalSection(SolutionProperties) = preSolution
		HideSolutionNode = FALSE
	EndGlobalSection
	GlobalSection(ExtensibilityGlobals) = postSolution
		SolutionGuid = {6473ACF7-6320-46A1-A6D6-FD3797F6E372}
	EndGlobalSection
EndGlobal
